{
  "requires": true,
  "lockfileVersion": 1,
  "dependencies": {
    "dialog-polyfill": {
      "version": "0.4.10",
      "resolved": "https://registry.npmjs.org/dialog-polyfill/-/dialog-polyfill-0.4.10.tgz",
      "integrity": "sha512-j5yGMkP8T00UFgyO+78OxiN5vC5dzRQF3BEio+LhNvDbyfxWBsi3sfPArDm54VloaJwy2hm3erEiDWqHRC8rzw=="
    },
    "firebaseui": {
      "version": "3.5.2",
      "resolved": "https://registry.npmjs.org/firebaseui/-/firebaseui-3.5.2.tgz",
      "integrity": "sha512-KFKvTlJ9N1dQ1SsKTitVQ9wUQX2XMyySG20SbBs+r/FriAsPTYJ/6Hzkh5ebEiUaOcHx4DYG78Jce5XSQ+Ssrw==",
      "requires": {
        "dialog-polyfill": "^0.4.7"
      }
    }
  }
}
